// !$*UTF8*$!
{
	archiveVersion = 1;
	classes = {
	};
	objectVersion = 50;
	objects = {

/* Begin PBXBuildFile section */
		274B804D2178EE2600BD1A57 /* PrimarySplitViewController.swift in Sources */ = {isa = PBXBuildFile; fileRef = 274B804C2178EE2600BD1A57 /* PrimarySplitViewController.swift */; };
		274B804F2179028900BD1A57 /* TrackerViewController.swift in Sources */ = {isa = PBXBuildFile; fileRef = 274B804E2179028900BD1A57 /* TrackerViewController.swift */; };
		27DD5E3F217514C800F56FFE /* AppDelegate.swift in Sources */ = {isa = PBXBuildFile; fileRef = 27DD5E3E217514C800F56FFE /* AppDelegate.swift */; };
		27DD5E41217514C800F56FFE /* ViewController.swift in Sources */ = {isa = PBXBuildFile; fileRef = 27DD5E40217514C800F56FFE /* ViewController.swift */; };
		27DD5E44217514C800F56FFE /* Main.storyboard in Resources */ = {isa = PBXBuildFile; fileRef = 27DD5E42217514C800F56FFE /* Main.storyboard */; };
		27DD5E47217514C800F56FFE /* Hermes_Accelerometer_Study.xcdatamodeld in Sources */ = {isa = PBXBuildFile; fileRef = 27DD5E45217514C800F56FFE /* Hermes_Accelerometer_Study.xcdatamodeld */; };
		27DD5E49217514CD00F56FFE /* Assets.xcassets in Resources */ = {isa = PBXBuildFile; fileRef = 27DD5E48217514CD00F56FFE /* Assets.xcassets */; };
		27DD5E4C217514CD00F56FFE /* LaunchScreen.storyboard in Resources */ = {isa = PBXBuildFile; fileRef = 27DD5E4A217514CD00F56FFE /* LaunchScreen.storyboard */; };
		27DD5E57217514CD00F56FFE /* Hermes_Accelerometer_StudyTests.swift in Sources */ = {isa = PBXBuildFile; fileRef = 27DD5E56217514CD00F56FFE /* Hermes_Accelerometer_StudyTests.swift */; };
		27DD5E62217514CD00F56FFE /* Hermes_Accelerometer_StudyUITests.swift in Sources */ = {isa = PBXBuildFile; fileRef = 27DD5E61217514CD00F56FFE /* Hermes_Accelerometer_StudyUITests.swift */; };
		27DD5E7021764D5700F56FFE /* UIViewControllerExtensions.swift in Sources */ = {isa = PBXBuildFile; fileRef = 27DD5E6F21764D5700F56FFE /* UIViewControllerExtensions.swift */; };
		27DD5E7221764D6F00F56FFE /* UIAlertControllerExtensions.swift in Sources */ = {isa = PBXBuildFile; fileRef = 27DD5E7121764D6F00F56FFE /* UIAlertControllerExtensions.swift */; };
		27DD5E742176521100F56FFE /* AccelerometerDataExtensions.swift in Sources */ = {isa = PBXBuildFile; fileRef = 27DD5E732176521100F56FFE /* AccelerometerDataExtensions.swift */; };
		27DD5E762176561A00F56FFE /* UserDefaultsExtensions.swift in Sources */ = {isa = PBXBuildFile; fileRef = 27DD5E752176561A00F56FFE /* UserDefaultsExtensions.swift */; };
		27DD5E7B2177D15600F56FFE /* MotionActivityViewController.swift in Sources */ = {isa = PBXBuildFile; fileRef = 27DD5E7A2177D15600F56FFE /* MotionActivityViewController.swift */; };
		909222AF70A95908B76092D3 /* Pods_Hermes_Accelerometer_StudyUITests.framework in Frameworks */ = {isa = PBXBuildFile; fileRef = C3ED1433F36D640B065B698E /* Pods_Hermes_Accelerometer_StudyUITests.framework */; };
		CD4C6D976E903DA7A1666E44 /* Pods_Hermes_Accelerometer_StudyTests.framework in Frameworks */ = {isa = PBXBuildFile; fileRef = A21DEE4259312FE45C663FE1 /* Pods_Hermes_Accelerometer_StudyTests.framework */; };
		D2B89205AB7A327FC5F3899B /* Pods_Hermes_Accelerometer_Study.framework in Frameworks */ = {isa = PBXBuildFile; fileRef = DD4175C3213616B690BC8CA7 /* Pods_Hermes_Accelerometer_Study.framework */; };
/* End PBXBuildFile section */

/* Begin PBXContainerItemProxy section */
		27DD5E53217514CD00F56FFE /* PBXContainerItemProxy */ = {
			isa = PBXContainerItemProxy;
			containerPortal = 27DD5E33217514C800F56FFE /* Project object */;
			proxyType = 1;
			remoteGlobalIDString = 27DD5E3A217514C800F56FFE;
			remoteInfo = "Hermes Accelerometer Study";
		};
		27DD5E5E217514CD00F56FFE /* PBXContainerItemProxy */ = {
			isa = PBXContainerItemProxy;
			containerPortal = 27DD5E33217514C800F56FFE /* Project object */;
			proxyType = 1;
			remoteGlobalIDString = 27DD5E3A217514C800F56FFE;
			remoteInfo = "Hermes Accelerometer Study";
		};
/* End PBXContainerItemProxy section */

/* Begin PBXFileReference section */
		274B804C2178EE2600BD1A57 /* PrimarySplitViewController.swift */ = {isa = PBXFileReference; lastKnownFileType = sourcecode.swift; path = PrimarySplitViewController.swift; sourceTree = "<group>"; };
		274B804E2179028900BD1A57 /* TrackerViewController.swift */ = {isa = PBXFileReference; lastKnownFileType = sourcecode.swift; path = TrackerViewController.swift; sourceTree = "<group>"; };
		27DD5E3B217514C800F56FFE /* Hermes Accelerometer Study.app */ = {isa = PBXFileReference; explicitFileType = wrapper.application; includeInIndex = 0; path = "Hermes Accelerometer Study.app"; sourceTree = BUILT_PRODUCTS_DIR; };
		27DD5E3E217514C800F56FFE /* AppDelegate.swift */ = {isa = PBXFileReference; lastKnownFileType = sourcecode.swift; path = AppDelegate.swift; sourceTree = "<group>"; };
		27DD5E40217514C800F56FFE /* ViewController.swift */ = {isa = PBXFileReference; lastKnownFileType = sourcecode.swift; path = ViewController.swift; sourceTree = "<group>"; };
		27DD5E43217514C800F56FFE /* Base */ = {isa = PBXFileReference; lastKnownFileType = file.storyboard; name = Base; path = Base.lproj/Main.storyboard; sourceTree = "<group>"; };
		27DD5E46217514C800F56FFE /* Hermes_Accelerometer_Study.xcdatamodel */ = {isa = PBXFileReference; lastKnownFileType = wrapper.xcdatamodel; path = Hermes_Accelerometer_Study.xcdatamodel; sourceTree = "<group>"; };
		27DD5E48217514CD00F56FFE /* Assets.xcassets */ = {isa = PBXFileReference; lastKnownFileType = folder.assetcatalog; path = Assets.xcassets; sourceTree = "<group>"; };
		27DD5E4B217514CD00F56FFE /* Base */ = {isa = PBXFileReference; lastKnownFileType = file.storyboard; name = Base; path = Base.lproj/LaunchScreen.storyboard; sourceTree = "<group>"; };
		27DD5E4D217514CD00F56FFE /* Info.plist */ = {isa = PBXFileReference; lastKnownFileType = text.plist.xml; path = Info.plist; sourceTree = "<group>"; };
		27DD5E52217514CD00F56FFE /* Hermes Accelerometer StudyTests.xctest */ = {isa = PBXFileReference; explicitFileType = wrapper.cfbundle; includeInIndex = 0; path = "Hermes Accelerometer StudyTests.xctest"; sourceTree = BUILT_PRODUCTS_DIR; };
		27DD5E56217514CD00F56FFE /* Hermes_Accelerometer_StudyTests.swift */ = {isa = PBXFileReference; lastKnownFileType = sourcecode.swift; path = Hermes_Accelerometer_StudyTests.swift; sourceTree = "<group>"; };
		27DD5E58217514CD00F56FFE /* Info.plist */ = {isa = PBXFileReference; lastKnownFileType = text.plist.xml; path = Info.plist; sourceTree = "<group>"; };
		27DD5E5D217514CD00F56FFE /* Hermes Accelerometer StudyUITests.xctest */ = {isa = PBXFileReference; explicitFileType = wrapper.cfbundle; includeInIndex = 0; path = "Hermes Accelerometer StudyUITests.xctest"; sourceTree = BUILT_PRODUCTS_DIR; };
		27DD5E61217514CD00F56FFE /* Hermes_Accelerometer_StudyUITests.swift */ = {isa = PBXFileReference; lastKnownFileType = sourcecode.swift; path = Hermes_Accelerometer_StudyUITests.swift; sourceTree = "<group>"; };
		27DD5E63217514CD00F56FFE /* Info.plist */ = {isa = PBXFileReference; lastKnownFileType = text.plist.xml; path = Info.plist; sourceTree = "<group>"; };
		27DD5E6F21764D5700F56FFE /* UIViewControllerExtensions.swift */ = {isa = PBXFileReference; lastKnownFileType = sourcecode.swift; path = UIViewControllerExtensions.swift; sourceTree = "<group>"; };
		27DD5E7121764D6F00F56FFE /* UIAlertControllerExtensions.swift */ = {isa = PBXFileReference; lastKnownFileType = sourcecode.swift; path = UIAlertControllerExtensions.swift; sourceTree = "<group>"; };
		27DD5E732176521100F56FFE /* AccelerometerDataExtensions.swift */ = {isa = PBXFileReference; lastKnownFileType = sourcecode.swift; path = AccelerometerDataExtensions.swift; sourceTree = "<group>"; };
		27DD5E752176561A00F56FFE /* UserDefaultsExtensions.swift */ = {isa = PBXFileReference; lastKnownFileType = sourcecode.swift; path = UserDefaultsExtensions.swift; sourceTree = "<group>"; };
		27DD5E7A2177D15600F56FFE /* MotionActivityViewController.swift */ = {isa = PBXFileReference; lastKnownFileType = sourcecode.swift; path = MotionActivityViewController.swift; sourceTree = "<group>"; };
		39127277FD0A0E828D50D5E8 /* Pods-Hermes Accelerometer StudyTests.debug.xcconfig */ = {isa = PBXFileReference; includeInIndex = 1; lastKnownFileType = text.xcconfig; name = "Pods-Hermes Accelerometer StudyTests.debug.xcconfig"; path = "Pods/Target Support Files/Pods-Hermes Accelerometer StudyTests/Pods-Hermes Accelerometer StudyTests.debug.xcconfig"; sourceTree = "<group>"; };
		44C6722EAF1A68122BFD5BC2 /* Pods-Hermes Accelerometer StudyUITests.debug.xcconfig */ = {isa = PBXFileReference; includeInIndex = 1; lastKnownFileType = text.xcconfig; name = "Pods-Hermes Accelerometer StudyUITests.debug.xcconfig"; path = "Pods/Target Support Files/Pods-Hermes Accelerometer StudyUITests/Pods-Hermes Accelerometer StudyUITests.debug.xcconfig"; sourceTree = "<group>"; };
		7DF51DC98A8B37D5C080F901 /* Pods-Hermes Accelerometer StudyTests.release.xcconfig */ = {isa = PBXFileReference; includeInIndex = 1; lastKnownFileType = text.xcconfig; name = "Pods-Hermes Accelerometer StudyTests.release.xcconfig"; path = "Pods/Target Support Files/Pods-Hermes Accelerometer StudyTests/Pods-Hermes Accelerometer StudyTests.release.xcconfig"; sourceTree = "<group>"; };
		87DD391195E20937A6BF38AE /* Pods-Hermes Accelerometer Study.debug.xcconfig */ = {isa = PBXFileReference; includeInIndex = 1; lastKnownFileType = text.xcconfig; name = "Pods-Hermes Accelerometer Study.debug.xcconfig"; path = "Pods/Target Support Files/Pods-Hermes Accelerometer Study/Pods-Hermes Accelerometer Study.debug.xcconfig"; sourceTree = "<group>"; };
		9C13933114E9D53E3C7659E5 /* Pods-Hermes Accelerometer Study.release.xcconfig */ = {isa = PBXFileReference; includeInIndex = 1; lastKnownFileType = text.xcconfig; name = "Pods-Hermes Accelerometer Study.release.xcconfig"; path = "Pods/Target Support Files/Pods-Hermes Accelerometer Study/Pods-Hermes Accelerometer Study.release.xcconfig"; sourceTree = "<group>"; };
		A21DEE4259312FE45C663FE1 /* Pods_Hermes_Accelerometer_StudyTests.framework */ = {isa = PBXFileReference; explicitFileType = wrapper.framework; includeInIndex = 0; path = Pods_Hermes_Accelerometer_StudyTests.framework; sourceTree = BUILT_PRODUCTS_DIR; };
		A21E4ECD26DE7D2D048599C0 /* Pods-Hermes Accelerometer StudyUITests.release.xcconfig */ = {isa = PBXFileReference; includeInIndex = 1; lastKnownFileType = text.xcconfig; name = "Pods-Hermes Accelerometer StudyUITests.release.xcconfig"; path = "Pods/Target Support Files/Pods-Hermes Accelerometer StudyUITests/Pods-Hermes Accelerometer StudyUITests.release.xcconfig"; sourceTree = "<group>"; };
		C3ED1433F36D640B065B698E /* Pods_Hermes_Accelerometer_StudyUITests.framework */ = {isa = PBXFileReference; explicitFileType = wrapper.framework; includeInIndex = 0; path = Pods_Hermes_Accelerometer_StudyUITests.framework; sourceTree = BUILT_PRODUCTS_DIR; };
		DD4175C3213616B690BC8CA7 /* Pods_Hermes_Accelerometer_Study.framework */ = {isa = PBXFileReference; explicitFileType = wrapper.framework; includeInIndex = 0; path = Pods_Hermes_Accelerometer_Study.framework; sourceTree = BUILT_PRODUCTS_DIR; };
/* End PBXFileReference section */

/* Begin PBXFrameworksBuildPhase section */
		27DD5E38217514C800F56FFE /* Frameworks */ = {
			isa = PBXFrameworksBuildPhase;
			buildActionMask = 2147483647;
			files = (
				D2B89205AB7A327FC5F3899B /* Pods_Hermes_Accelerometer_Study.framework in Frameworks */,
			);
			runOnlyForDeploymentPostprocessing = 0;
		};
		27DD5E4F217514CD00F56FFE /* Frameworks */ = {
			isa = PBXFrameworksBuildPhase;
			buildActionMask = 2147483647;
			files = (
				CD4C6D976E903DA7A1666E44 /* Pods_Hermes_Accelerometer_StudyTests.framework in Frameworks */,
			);
			runOnlyForDeploymentPostprocessing = 0;
		};
		27DD5E5A217514CD00F56FFE /* Frameworks */ = {
			isa = PBXFrameworksBuildPhase;
			buildActionMask = 2147483647;
			files = (
				909222AF70A95908B76092D3 /* Pods_Hermes_Accelerometer_StudyUITests.framework in Frameworks */,
			);
			runOnlyForDeploymentPostprocessing = 0;
		};
/* End PBXFrameworksBuildPhase section */

/* Begin PBXGroup section */
		27465C9D9F874594C2837506 /* Pods */ = {
			isa = PBXGroup;
			children = (
				87DD391195E20937A6BF38AE /* Pods-Hermes Accelerometer Study.debug.xcconfig */,
				9C13933114E9D53E3C7659E5 /* Pods-Hermes Accelerometer Study.release.xcconfig */,
				39127277FD0A0E828D50D5E8 /* Pods-Hermes Accelerometer StudyTests.debug.xcconfig */,
				7DF51DC98A8B37D5C080F901 /* Pods-Hermes Accelerometer StudyTests.release.xcconfig */,
				44C6722EAF1A68122BFD5BC2 /* Pods-Hermes Accelerometer StudyUITests.debug.xcconfig */,
				A21E4ECD26DE7D2D048599C0 /* Pods-Hermes Accelerometer StudyUITests.release.xcconfig */,
			);
			name = Pods;
			sourceTree = "<group>";
		};
		27DD5E32217514C800F56FFE = {
			isa = PBXGroup;
			children = (
				27DD5E3D217514C800F56FFE /* Hermes Accelerometer Study */,
				27DD5E55217514CD00F56FFE /* Hermes Accelerometer StudyTests */,
				27DD5E60217514CD00F56FFE /* Hermes Accelerometer StudyUITests */,
				27DD5E3C217514C800F56FFE /* Products */,
				27465C9D9F874594C2837506 /* Pods */,
				EEF5A0595A7743FA37AAF9A9 /* Frameworks */,
			);
			sourceTree = "<group>";
		};
		27DD5E3C217514C800F56FFE /* Products */ = {
			isa = PBXGroup;
			children = (
				27DD5E3B217514C800F56FFE /* Hermes Accelerometer Study.app */,
				27DD5E52217514CD00F56FFE /* Hermes Accelerometer StudyTests.xctest */,
				27DD5E5D217514CD00F56FFE /* Hermes Accelerometer StudyUITests.xctest */,
			);
			name = Products;
			sourceTree = "<group>";
		};
		27DD5E3D217514C800F56FFE /* Hermes Accelerometer Study */ = {
			isa = PBXGroup;
			children = (
				27DD5E3E217514C800F56FFE /* AppDelegate.swift */,
				27DD5E40217514C800F56FFE /* ViewController.swift */,
				27DD5E42217514C800F56FFE /* Main.storyboard */,
				27DD5E48217514CD00F56FFE /* Assets.xcassets */,
				27DD5E4A217514CD00F56FFE /* LaunchScreen.storyboard */,
				27DD5E4D217514CD00F56FFE /* Info.plist */,
				27DD5E45217514C800F56FFE /* Hermes_Accelerometer_Study.xcdatamodeld */,
				27DD5E6F21764D5700F56FFE /* UIViewControllerExtensions.swift */,
				27DD5E7121764D6F00F56FFE /* UIAlertControllerExtensions.swift */,
				27DD5E732176521100F56FFE /* AccelerometerDataExtensions.swift */,
				27DD5E752176561A00F56FFE /* UserDefaultsExtensions.swift */,
				27DD5E7A2177D15600F56FFE /* MotionActivityViewController.swift */,
				274B804C2178EE2600BD1A57 /* PrimarySplitViewController.swift */,
				274B804E2179028900BD1A57 /* TrackerViewController.swift */,
			);
			path = "Hermes Accelerometer Study";
			sourceTree = "<group>";
		};
		27DD5E55217514CD00F56FFE /* Hermes Accelerometer StudyTests */ = {
			isa = PBXGroup;
			children = (
				27DD5E56217514CD00F56FFE /* Hermes_Accelerometer_StudyTests.swift */,
				27DD5E58217514CD00F56FFE /* Info.plist */,
			);
			path = "Hermes Accelerometer StudyTests";
			sourceTree = "<group>";
		};
		27DD5E60217514CD00F56FFE /* Hermes Accelerometer StudyUITests */ = {
			isa = PBXGroup;
			children = (
				27DD5E61217514CD00F56FFE /* Hermes_Accelerometer_StudyUITests.swift */,
				27DD5E63217514CD00F56FFE /* Info.plist */,
			);
			path = "Hermes Accelerometer StudyUITests";
			sourceTree = "<group>";
		};
		EEF5A0595A7743FA37AAF9A9 /* Frameworks */ = {
			isa = PBXGroup;
			children = (
				DD4175C3213616B690BC8CA7 /* Pods_Hermes_Accelerometer_Study.framework */,
				A21DEE4259312FE45C663FE1 /* Pods_Hermes_Accelerometer_StudyTests.framework */,
				C3ED1433F36D640B065B698E /* Pods_Hermes_Accelerometer_StudyUITests.framework */,
			);
			name = Frameworks;
			sourceTree = "<group>";
		};
/* End PBXGroup section */

/* Begin PBXNativeTarget section */
		27DD5E3A217514C800F56FFE /* Hermes Accelerometer Study */ = {
			isa = PBXNativeTarget;
			buildConfigurationList = 27DD5E66217514CD00F56FFE /* Build configuration list for PBXNativeTarget "Hermes Accelerometer Study" */;
			buildPhases = (
				D457435303C8D5D8D41708F1 /* [CP] Check Pods Manifest.lock */,
				27DD5E37217514C800F56FFE /* Sources */,
				27DD5E38217514C800F56FFE /* Frameworks */,
				27DD5E39217514C800F56FFE /* Resources */,
				E7ABFA1011DE9EFD4F4859F2 /* [CP] Embed Pods Frameworks */,
			);
			buildRules = (
			);
			dependencies = (
			);
			name = "Hermes Accelerometer Study";
			productName = "Hermes Accelerometer Study";
			productReference = 27DD5E3B217514C800F56FFE /* Hermes Accelerometer Study.app */;
			productType = "com.apple.product-type.application";
		};
		27DD5E51217514CD00F56FFE /* Hermes Accelerometer StudyTests */ = {
			isa = PBXNativeTarget;
			buildConfigurationList = 27DD5E69217514CD00F56FFE /* Build configuration list for PBXNativeTarget "Hermes Accelerometer StudyTests" */;
			buildPhases = (
				E2BDE54DB219F1A255F8C268 /* [CP] Check Pods Manifest.lock */,
				27DD5E4E217514CD00F56FFE /* Sources */,
				27DD5E4F217514CD00F56FFE /* Frameworks */,
				27DD5E50217514CD00F56FFE /* Resources */,
			);
			buildRules = (
			);
			dependencies = (
				27DD5E54217514CD00F56FFE /* PBXTargetDependency */,
			);
			name = "Hermes Accelerometer StudyTests";
			productName = "Hermes Accelerometer StudyTests";
			productReference = 27DD5E52217514CD00F56FFE /* Hermes Accelerometer StudyTests.xctest */;
			productType = "com.apple.product-type.bundle.unit-test";
		};
		27DD5E5C217514CD00F56FFE /* Hermes Accelerometer StudyUITests */ = {
			isa = PBXNativeTarget;
			buildConfigurationList = 27DD5E6C217514CD00F56FFE /* Build configuration list for PBXNativeTarget "Hermes Accelerometer StudyUITests" */;
			buildPhases = (
				BE75714355011F0CF2E940BE /* [CP] Check Pods Manifest.lock */,
				27DD5E59217514CD00F56FFE /* Sources */,
				27DD5E5A217514CD00F56FFE /* Frameworks */,
				27DD5E5B217514CD00F56FFE /* Resources */,
			);
			buildRules = (
			);
			dependencies = (
				27DD5E5F217514CD00F56FFE /* PBXTargetDependency */,
			);
			name = "Hermes Accelerometer StudyUITests";
			productName = "Hermes Accelerometer StudyUITests";
			productReference = 27DD5E5D217514CD00F56FFE /* Hermes Accelerometer StudyUITests.xctest */;
			productType = "com.apple.product-type.bundle.ui-testing";
		};
/* End PBXNativeTarget section */

/* Begin PBXProject section */
		27DD5E33217514C800F56FFE /* Project object */ = {
			isa = PBXProject;
			attributes = {
				LastSwiftUpdateCheck = 1000;
				LastUpgradeCheck = 1000;
				ORGANIZATIONNAME = "Paul Jones";
				TargetAttributes = {
					27DD5E3A217514C800F56FFE = {
						CreatedOnToolsVersion = 10.0;
					};
					27DD5E51217514CD00F56FFE = {
						CreatedOnToolsVersion = 10.0;
						TestTargetID = 27DD5E3A217514C800F56FFE;
					};
					27DD5E5C217514CD00F56FFE = {
						CreatedOnToolsVersion = 10.0;
						TestTargetID = 27DD5E3A217514C800F56FFE;
					};
				};
			};
			buildConfigurationList = 27DD5E36217514C800F56FFE /* Build configuration list for PBXProject "Hermes Accelerometer Study" */;
			compatibilityVersion = "Xcode 9.3";
			developmentRegion = en;
			hasScannedForEncodings = 0;
			knownRegions = (
				en,
				Base,
			);
			mainGroup = 27DD5E32217514C800F56FFE;
			productRefGroup = 27DD5E3C217514C800F56FFE /* Products */;
			projectDirPath = "";
			projectRoot = "";
			targets = (
				27DD5E3A217514C800F56FFE /* Hermes Accelerometer Study */,
				27DD5E51217514CD00F56FFE /* Hermes Accelerometer StudyTests */,
				27DD5E5C217514CD00F56FFE /* Hermes Accelerometer StudyUITests */,
			);
		};
/* End PBXProject section */

/* Begin PBXResourcesBuildPhase section */
		27DD5E39217514C800F56FFE /* Resources */ = {
			isa = PBXResourcesBuildPhase;
			buildActionMask = 2147483647;
			files = (
				27DD5E4C217514CD00F56FFE /* LaunchScreen.storyboard in Resources */,
				27DD5E49217514CD00F56FFE /* Assets.xcassets in Resources */,
				27DD5E44217514C800F56FFE /* Main.storyboard in Resources */,
			);
			runOnlyForDeploymentPostprocessing = 0;
		};
		27DD5E50217514CD00F56FFE /* Resources */ = {
			isa = PBXResourcesBuildPhase;
			buildActionMask = 2147483647;
			files = (
			);
			runOnlyForDeploymentPostprocessing = 0;
		};
		27DD5E5B217514CD00F56FFE /* Resources */ = {
			isa = PBXResourcesBuildPhase;
			buildActionMask = 2147483647;
			files = (
			);
			runOnlyForDeploymentPostprocessing = 0;
		};
/* End PBXResourcesBuildPhase section */

/* Begin PBXShellScriptBuildPhase section */
		BE75714355011F0CF2E940BE /* [CP] Check Pods Manifest.lock */ = {
			isa = PBXShellScriptBuildPhase;
			buildActionMask = 2147483647;
			files = (
			);
			inputPaths = (
				"${PODS_PODFILE_DIR_PATH}/Podfile.lock",
				"${PODS_ROOT}/Manifest.lock",
			);
			name = "[CP] Check Pods Manifest.lock";
			outputPaths = (
				"$(DERIVED_FILE_DIR)/Pods-Hermes Accelerometer StudyUITests-checkManifestLockResult.txt",
			);
			runOnlyForDeploymentPostprocessing = 0;
			shellPath = /bin/sh;
			shellScript = "diff \"${PODS_PODFILE_DIR_PATH}/Podfile.lock\" \"${PODS_ROOT}/Manifest.lock\" > /dev/null\nif [ $? != 0 ] ; then\n    # print error to STDERR\n    echo \"error: The sandbox is not in sync with the Podfile.lock. Run 'pod install' or update your CocoaPods installation.\" >&2\n    exit 1\nfi\n# This output is used by Xcode 'outputs' to avoid re-running this script phase.\necho \"SUCCESS\" > \"${SCRIPT_OUTPUT_FILE_0}\"\n";
			showEnvVarsInLog = 0;
		};
		D457435303C8D5D8D41708F1 /* [CP] Check Pods Manifest.lock */ = {
			isa = PBXShellScriptBuildPhase;
			buildActionMask = 2147483647;
			files = (
			);
			inputPaths = (
				"${PODS_PODFILE_DIR_PATH}/Podfile.lock",
				"${PODS_ROOT}/Manifest.lock",
			);
			name = "[CP] Check Pods Manifest.lock";
			outputPaths = (
				"$(DERIVED_FILE_DIR)/Pods-Hermes Accelerometer Study-checkManifestLockResult.txt",
			);
			runOnlyForDeploymentPostprocessing = 0;
			shellPath = /bin/sh;
			shellScript = "diff \"${PODS_PODFILE_DIR_PATH}/Podfile.lock\" \"${PODS_ROOT}/Manifest.lock\" > /dev/null\nif [ $? != 0 ] ; then\n    # print error to STDERR\n    echo \"error: The sandbox is not in sync with the Podfile.lock. Run 'pod install' or update your CocoaPods installation.\" >&2\n    exit 1\nfi\n# This output is used by Xcode 'outputs' to avoid re-running this script phase.\necho \"SUCCESS\" > \"${SCRIPT_OUTPUT_FILE_0}\"\n";
			showEnvVarsInLog = 0;
		};
		E2BDE54DB219F1A255F8C268 /* [CP] Check Pods Manifest.lock */ = {
			isa = PBXShellScriptBuildPhase;
			buildActionMask = 2147483647;
			files = (
			);
			inputPaths = (
				"${PODS_PODFILE_DIR_PATH}/Podfile.lock",
				"${PODS_ROOT}/Manifest.lock",
			);
			name = "[CP] Check Pods Manifest.lock";
			outputPaths = (
				"$(DERIVED_FILE_DIR)/Pods-Hermes Accelerometer StudyTests-checkManifestLockResult.txt",
			);
			runOnlyForDeploymentPostprocessing = 0;
			shellPath = /bin/sh;
			shellScript = "diff \"${PODS_PODFILE_DIR_PATH}/Podfile.lock\" \"${PODS_ROOT}/Manifest.lock\" > /dev/null\nif [ $? != 0 ] ; then\n    # print error to STDERR\n    echo \"error: The sandbox is not in sync with the Podfile.lock. Run 'pod install' or update your CocoaPods installation.\" >&2\n    exit 1\nfi\n# This output is used by Xcode 'outputs' to avoid re-running this script phase.\necho \"SUCCESS\" > \"${SCRIPT_OUTPUT_FILE_0}\"\n";
			showEnvVarsInLog = 0;
		};
		E7ABFA1011DE9EFD4F4859F2 /* [CP] Embed Pods Frameworks */ = {
			isa = PBXShellScriptBuildPhase;
			buildActionMask = 2147483647;
			files = (
			);
			inputPaths = (
				"${SRCROOT}/Pods/Target Support Files/Pods-Hermes Accelerometer Study/Pods-Hermes Accelerometer Study-frameworks.sh",
				"${BUILT_PRODUCTS_DIR}/CSV.swift/CSV.framework",
			);
			name = "[CP] Embed Pods Frameworks";
			outputPaths = (
				"${TARGET_BUILD_DIR}/${FRAMEWORKS_FOLDER_PATH}/CSV.framework",
			);
			runOnlyForDeploymentPostprocessing = 0;
			shellPath = /bin/sh;
			shellScript = "\"${SRCROOT}/Pods/Target Support Files/Pods-Hermes Accelerometer Study/Pods-Hermes Accelerometer Study-frameworks.sh\"\n";
			showEnvVarsInLog = 0;
		};
/* End PBXShellScriptBuildPhase section */

/* Begin PBXSourcesBuildPhase section */
		27DD5E37217514C800F56FFE /* Sources */ = {
			isa = PBXSourcesBuildPhase;
			buildActionMask = 2147483647;
			files = (
				27DD5E7021764D5700F56FFE /* UIViewControllerExtensions.swift in Sources */,
				27DD5E41217514C800F56FFE /* ViewController.swift in Sources */,
				27DD5E7221764D6F00F56FFE /* UIAlertControllerExtensions.swift in Sources */,
				274B804D2178EE2600BD1A57 /* PrimarySplitViewController.swift in Sources */,
				27DD5E7B2177D15600F56FFE /* MotionActivityViewController.swift in Sources */,
				274B804F2179028900BD1A57 /* TrackerViewController.swift in Sources */,
				27DD5E47217514C800F56FFE /* Hermes_Accelerometer_Study.xcdatamodeld in Sources */,
				27DD5E762176561A00F56FFE /* UserDefaultsExtensions.swift in Sources */,
				27DD5E3F217514C800F56FFE /* AppDelegate.swift in Sources */,
				27DD5E742176521100F56FFE /* AccelerometerDataExtensions.swift in Sources */,
			);
			runOnlyForDeploymentPostprocessing = 0;
		};
		27DD5E4E217514CD00F56FFE /* Sources */ = {
			isa = PBXSourcesBuildPhase;
			buildActionMask = 2147483647;
			files = (
				27DD5E57217514CD00F56FFE /* Hermes_Accelerometer_StudyTests.swift in Sources */,
			);
			runOnlyForDeploymentPostprocessing = 0;
		};
		27DD5E59217514CD00F56FFE /* Sources */ = {
			isa = PBXSourcesBuildPhase;
			buildActionMask = 2147483647;
			files = (
				27DD5E62217514CD00F56FFE /* Hermes_Accelerometer_StudyUITests.swift in Sources */,
			);
			runOnlyForDeploymentPostprocessing = 0;
		};
/* End PBXSourcesBuildPhase section */

/* Begin PBXTargetDependency section */
		27DD5E54217514CD00F56FFE /* PBXTargetDependency */ = {
			isa = PBXTargetDependency;
			target = 27DD5E3A217514C800F56FFE /* Hermes Accelerometer Study */;
			targetProxy = 27DD5E53217514CD00F56FFE /* PBXContainerItemProxy */;
		};
		27DD5E5F217514CD00F56FFE /* PBXTargetDependency */ = {
			isa = PBXTargetDependency;
			target = 27DD5E3A217514C800F56FFE /* Hermes Accelerometer Study */;
			targetProxy = 27DD5E5E217514CD00F56FFE /* PBXContainerItemProxy */;
		};
/* End PBXTargetDependency section */

/* Begin PBXVariantGroup section */
		27DD5E42217514C800F56FFE /* Main.storyboard */ = {
			isa = PBXVariantGroup;
			children = (
				27DD5E43217514C800F56FFE /* Base */,
			);
			name = Main.storyboard;
			sourceTree = "<group>";
		};
		27DD5E4A217514CD00F56FFE /* LaunchScreen.storyboard */ = {
			isa = PBXVariantGroup;
			children = (
				27DD5E4B217514CD00F56FFE /* Base */,
			);
			name = LaunchScreen.storyboard;
			sourceTree = "<group>";
		};
/* End PBXVariantGroup section */

/* Begin XCBuildConfiguration section */
		27DD5E64217514CD00F56FFE /* Debug */ = {
			isa = XCBuildConfiguration;
			buildSettings = {
				ALWAYS_SEARCH_USER_PATHS = NO;
				CLANG_ANALYZER_NONNULL = YES;
				CLANG_ANALYZER_NUMBER_OBJECT_CONVERSION = YES_AGGRESSIVE;
				CLANG_CXX_LANGUAGE_STANDARD = "gnu++14";
				CLANG_CXX_LIBRARY = "libc++";
				CLANG_ENABLE_MODULES = YES;
				CLANG_ENABLE_OBJC_ARC = YES;
				CLANG_ENABLE_OBJC_WEAK = YES;
				CLANG_WARN_BLOCK_CAPTURE_AUTORELEASING = YES;
				CLANG_WARN_BOOL_CONVERSION = YES;
				CLANG_WARN_COMMA = YES;
				CLANG_WARN_CONSTANT_CONVERSION = YES;
				CLANG_WARN_DEPRECATED_OBJC_IMPLEMENTATIONS = YES;
				CLANG_WARN_DIRECT_OBJC_ISA_USAGE = YES_ERROR;
				CLANG_WARN_DOCUMENTATION_COMMENTS = YES;
				CLANG_WARN_EMPTY_BODY = YES;
				CLANG_WARN_ENUM_CONVERSION = YES;
				CLANG_WARN_INFINITE_RECURSION = YES;
				CLANG_WARN_INT_CONVERSION = YES;
				CLANG_WARN_NON_LITERAL_NULL_CONVERSION = YES;
				CLANG_WARN_OBJC_IMPLICIT_RETAIN_SELF = YES;
				CLANG_WARN_OBJC_LITERAL_CONVERSION = YES;
				CLANG_WARN_OBJC_ROOT_CLASS = YES_ERROR;
				CLANG_WARN_RANGE_LOOP_ANALYSIS = YES;
				CLANG_WARN_STRICT_PROTOTYPES = YES;
				CLANG_WARN_SUSPICIOUS_MOVE = YES;
				CLANG_WARN_UNGUARDED_AVAILABILITY = YES_AGGRESSIVE;
				CLANG_WARN_UNREACHABLE_CODE = YES;
				CLANG_WARN__DUPLICATE_METHOD_MATCH = YES;
				CODE_SIGN_IDENTITY = "iPhone Developer";
				COPY_PHASE_STRIP = NO;
				DEBUG_INFORMATION_FORMAT = dwarf;
				ENABLE_STRICT_OBJC_MSGSEND = YES;
				ENABLE_TESTABILITY = YES;
				GCC_C_LANGUAGE_STANDARD = gnu11;
				GCC_DYNAMIC_NO_PIC = NO;
				GCC_NO_COMMON_BLOCKS = YES;
				GCC_OPTIMIZATION_LEVEL = 0;
				GCC_PREPROCESSOR_DEFINITIONS = (
					"DEBUG=1",
					"$(inherited)",
				);
				GCC_WARN_64_TO_32_BIT_CONVERSION = YES;
				GCC_WARN_ABOUT_RETURN_TYPE = YES_ERROR;
				GCC_WARN_UNDECLARED_SELECTOR = YES;
				GCC_WARN_UNINITIALIZED_AUTOS = YES_AGGRESSIVE;
				GCC_WARN_UNUSED_FUNCTION = YES;
				GCC_WARN_UNUSED_VARIABLE = YES;
				IPHONEOS_DEPLOYMENT_TARGET = 12.0;
				MTL_ENABLE_DEBUG_INFO = INCLUDE_SOURCE;
				MTL_FAST_MATH = YES;
				ONLY_ACTIVE_ARCH = YES;
				SDKROOT = iphoneos;
				SWIFT_ACTIVE_COMPILATION_CONDITIONS = DEBUG;
				SWIFT_OPTIMIZATION_LEVEL = "-Onone";
			};
			name = Debug;
		};
		27DD5E65217514CD00F56FFE /* Release */ = {
			isa = XCBuildConfiguration;
			buildSettings = {
				ALWAYS_SEARCH_USER_PATHS = NO;
				CLANG_ANALYZER_NONNULL = YES;
				CLANG_ANALYZER_NUMBER_OBJECT_CONVERSION = YES_AGGRESSIVE;
				CLANG_CXX_LANGUAGE_STANDARD = "gnu++14";
				CLANG_CXX_LIBRARY = "libc++";
				CLANG_ENABLE_MODULES = YES;
				CLANG_ENABLE_OBJC_ARC = YES;
				CLANG_ENABLE_OBJC_WEAK = YES;
				CLANG_WARN_BLOCK_CAPTURE_AUTORELEASING = YES;
				CLANG_WARN_BOOL_CONVERSION = YES;
				CLANG_WARN_COMMA = YES;
				CLANG_WARN_CONSTANT_CONVERSION = YES;
				CLANG_WARN_DEPRECATED_OBJC_IMPLEMENTATIONS = YES;
				CLANG_WARN_DIRECT_OBJC_ISA_USAGE = YES_ERROR;
				CLANG_WARN_DOCUMENTATION_COMMENTS = YES;
				CLANG_WARN_EMPTY_BODY = YES;
				CLANG_WARN_ENUM_CONVERSION = YES;
				CLANG_WARN_INFINITE_RECURSION = YES;
				CLANG_WARN_INT_CONVERSION = YES;
				CLANG_WARN_NON_LITERAL_NULL_CONVERSION = YES;
				CLANG_WARN_OBJC_IMPLICIT_RETAIN_SELF = YES;
				CLANG_WARN_OBJC_LITERAL_CONVERSION = YES;
				CLANG_WARN_OBJC_ROOT_CLASS = YES_ERROR;
				CLANG_WARN_RANGE_LOOP_ANALYSIS = YES;
				CLANG_WARN_STRICT_PROTOTYPES = YES;
				CLANG_WARN_SUSPICIOUS_MOVE = YES;
				CLANG_WARN_UNGUARDED_AVAILABILITY = YES_AGGRESSIVE;
				CLANG_WARN_UNREACHABLE_CODE = YES;
				CLANG_WARN__DUPLICATE_METHOD_MATCH = YES;
				CODE_SIGN_IDENTITY = "iPhone Developer";
				COPY_PHASE_STRIP = NO;
				DEBUG_INFORMATION_FORMAT = "dwarf-with-dsym";
				ENABLE_NS_ASSERTIONS = NO;
				ENABLE_STRICT_OBJC_MSGSEND = YES;
				GCC_C_LANGUAGE_STANDARD = gnu11;
				GCC_NO_COMMON_BLOCKS = YES;
				GCC_WARN_64_TO_32_BIT_CONVERSION = YES;
				GCC_WARN_ABOUT_RETURN_TYPE = YES_ERROR;
				GCC_WARN_UNDECLARED_SELECTOR = YES;
				GCC_WARN_UNINITIALIZED_AUTOS = YES_AGGRESSIVE;
				GCC_WARN_UNUSED_FUNCTION = YES;
				GCC_WARN_UNUSED_VARIABLE = YES;
				IPHONEOS_DEPLOYMENT_TARGET = 12.0;
				MTL_ENABLE_DEBUG_INFO = NO;
				MTL_FAST_MATH = YES;
				SDKROOT = iphoneos;
				SWIFT_COMPILATION_MODE = wholemodule;
				SWIFT_OPTIMIZATION_LEVEL = "-O";
				VALIDATE_PRODUCT = YES;
			};
			name = Release;
		};
		27DD5E67217514CD00F56FFE /* Debug */ = {
			isa = XCBuildConfiguration;
			baseConfigurationReference = 87DD391195E20937A6BF38AE /* Pods-Hermes Accelerometer Study.debug.xcconfig */;
			buildSettings = {
				ASSETCATALOG_COMPILER_APPICON_NAME = AppIcon;
				CODE_SIGN_STYLE = Automatic;
				DEVELOPMENT_TEAM = 5ZZ7W4SB26;
				INFOPLIST_FILE = "Hermes Accelerometer Study/Info.plist";
				LD_RUNPATH_SEARCH_PATHS = (
					"$(inherited)",
					"@executable_path/Frameworks",
				);
				PRODUCT_BUNDLE_IDENTIFIER = "prolificinteractive.Hermes-Accelerometer-Study";
				PRODUCT_NAME = "$(TARGET_NAME)";
				SWIFT_VERSION = 4.2;
				TARGETED_DEVICE_FAMILY = 1;
			};
			name = Debug;
		};
		27DD5E68217514CD00F56FFE /* Release */ = {
			isa = XCBuildConfiguration;
			baseConfigurationReference = 9C13933114E9D53E3C7659E5 /* Pods-Hermes Accelerometer Study.release.xcconfig */;
			buildSettings = {
				ASSETCATALOG_COMPILER_APPICON_NAME = AppIcon;
				CODE_SIGN_STYLE = Automatic;
				DEVELOPMENT_TEAM = 5ZZ7W4SB26;
				INFOPLIST_FILE = "Hermes Accelerometer Study/Info.plist";
				LD_RUNPATH_SEARCH_PATHS = (
					"$(inherited)",
					"@executable_path/Frameworks",
				);
				PRODUCT_BUNDLE_IDENTIFIER = "prolificinteractive.Hermes-Accelerometer-Study";
				PRODUCT_NAME = "$(TARGET_NAME)";
				SWIFT_VERSION = 4.2;
				TARGETED_DEVICE_FAMILY = 1;
			};
			name = Release;
		};
		27DD5E6A217514CD00F56FFE /* Debug */ = {
			isa = XCBuildConfiguration;
			baseConfigurationReference = 39127277FD0A0E828D50D5E8 /* Pods-Hermes Accelerometer StudyTests.debug.xcconfig */;
			buildSettings = {
				ALWAYS_EMBED_SWIFT_STANDARD_LIBRARIES = YES;
				BUNDLE_LOADER = "$(TEST_HOST)";
				CODE_SIGN_STYLE = Automatic;
				DEVELOPMENT_TEAM = 5ZZ7W4SB26;
				INFOPLIST_FILE = "Hermes Accelerometer StudyTests/Info.plist";
				LD_RUNPATH_SEARCH_PATHS = (
					"$(inherited)",
					"@executable_path/Frameworks",
					"@loader_path/Frameworks",
				);
				PRODUCT_BUNDLE_IDENTIFIER = "prolificinteractive.Hermes-Accelerometer-StudyTests";
				PRODUCT_NAME = "$(TARGET_NAME)";
				SWIFT_VERSION = 4.2;
				TARGETED_DEVICE_FAMILY = "1,2";
				TEST_HOST = "$(BUILT_PRODUCTS_DIR)/Hermes Accelerometer Study.app/Hermes Accelerometer Study";
			};
			name = Debug;
		};
		27DD5E6B217514CD00F56FFE /* Release */ = {
			isa = XCBuildConfiguration;
			baseConfigurationReference = 7DF51DC98A8B37D5C080F901 /* Pods-Hermes Accelerometer StudyTests.release.xcconfig */;
			buildSettings = {
				ALWAYS_EMBED_SWIFT_STANDARD_LIBRARIES = YES;
				BUNDLE_LOADER = "$(TEST_HOST)";
				CODE_SIGN_STYLE = Automatic;
				DEVELOPMENT_TEAM = 5ZZ7W4SB26;
				INFOPLIST_FILE = "Hermes Accelerometer StudyTests/Info.plist";
				LD_RUNPATH_SEARCH_PATHS = (
					"$(inherited)",
					"@executable_path/Frameworks",
					"@loader_path/Frameworks",
				);
				PRODUCT_BUNDLE_IDENTIFIER = "prolificinteractive.Hermes-Accelerometer-StudyTests";
				PRODUCT_NAME = "$(TARGET_NAME)";
				SWIFT_VERSION = 4.2;
				TARGETED_DEVICE_FAMILY = "1,2";
				TEST_HOST = "$(BUILT_PRODUCTS_DIR)/Hermes Accelerometer Study.app/Hermes Accelerometer Study";
			};
			name = Release;
		};
		27DD5E6D217514CD00F56FFE /* Debug */ = {
			isa = XCBuildConfiguration;
			baseConfigurationReference = 44C6722EAF1A68122BFD5BC2 /* Pods-Hermes Accelerometer StudyUITests.debug.xcconfig */;
			buildSettings = {
				ALWAYS_EMBED_SWIFT_STANDARD_LIBRARIES = YES;
				CODE_SIGN_STYLE = Automatic;
				DEVELOPMENT_TEAM = 5ZZ7W4SB26;
				INFOPLIST_FILE = "Hermes Accelerometer StudyUITests/Info.plist";
				LD_RUNPATH_SEARCH_PATHS = (
					"$(inherited)",
					"@executable_path/Frameworks",
					"@loader_path/Frameworks",
				);
				PRODUCT_BUNDLE_IDENTIFIER = "prolificinteractive.Hermes-Accelerometer-StudyUITests";
				PRODUCT_NAME = "$(TARGET_NAME)";
				SWIFT_VERSION = 4.2;
				TARGETED_DEVICE_FAMILY = "1,2";
				TEST_TARGET_NAME = "Hermes Accelerometer Study";
			};
			name = Debug;
		};
		27DD5E6E217514CD00F56FFE /* Release */ = {
			isa = XCBuildConfiguration;
			baseConfigurationReference = A21E4ECD26DE7D2D048599C0 /* Pods-Hermes Accelerometer StudyUITests.release.xcconfig */;
			buildSettings = {
				ALWAYS_EMBED_SWIFT_STANDARD_LIBRARIES = YES;
				CODE_SIGN_STYLE = Automatic;
				DEVELOPMENT_TEAM = 5ZZ7W4SB26;
				INFOPLIST_FILE = "Hermes Accelerometer StudyUITests/Info.plist";
				LD_RUNPATH_SEARCH_PATHS = (
					"$(inherited)",
					"@executable_path/Frameworks",
					"@loader_path/Frameworks",
				);
				PRODUCT_BUNDLE_IDENTIFIER = "prolificinteractive.Hermes-Accelerometer-StudyUITests";
				PRODUCT_NAME = "$(TARGET_NAME)";
				SWIFT_VERSION = 4.2;
				TARGETED_DEVICE_FAMILY = "1,2";
				TEST_TARGET_NAME = "Hermes Accelerometer Study";
			};
			name = Release;
		};
/* End XCBuildConfiguration section */

/* Begin XCConfigurationList section */
		27DD5E36217514C800F56FFE /* Build configuration list for PBXProject "Hermes Accelerometer Study" */ = {
			isa = XCConfigurationList;
			buildConfigurations = (
				27DD5E64217514CD00F56FFE /* Debug */,
				27DD5E65217514CD00F56FFE /* Release */,
			);
			defaultConfigurationIsVisible = 0;
			defaultConfigurationName = Release;
		};
		27DD5E66217514CD00F56FFE /* Build configuration list for PBXNativeTarget "Hermes Accelerometer Study" */ = {
			isa = XCConfigurationList;
			buildConfigurations = (
				27DD5E67217514CD00F56FFE /* Debug */,
				27DD5E68217514CD00F56FFE /* Release */,
			);
			defaultConfigurationIsVisible = 0;
			defaultConfigurationName = Release;
		};
		27DD5E69217514CD00F56FFE /* Build configuration list for PBXNativeTarget "Hermes Accelerometer StudyTests" */ = {
			isa = XCConfigurationList;
			buildConfigurations = (
				27DD5E6A217514CD00F56FFE /* Debug */,
				27DD5E6B217514CD00F56FFE /* Release */,
			);
			defaultConfigurationIsVisible = 0;
			defaultConfigurationName = Release;
		};
		27DD5E6C217514CD00F56FFE /* Build configuration list for PBXNativeTarget "Hermes Accelerometer StudyUITests" */ = {
			isa = XCConfigurationList;
			buildConfigurations = (
				27DD5E6D217514CD00F56FFE /* Debug */,
				27DD5E6E217514CD00F56FFE /* Release */,
			);
			defaultConfigurationIsVisible = 0;
			defaultConfigurationName = Release;
		};
/* End XCConfigurationList section */

/* Begin XCVersionGroup section */
		27DD5E45217514C800F56FFE /* Hermes_Accelerometer_Study.xcdatamodeld */ = {
			isa = XCVersionGroup;
			children = (
				27DD5E46217514C800F56FFE /* Hermes_Accelerometer_Study.xcdatamodel */,
			);
			currentVersion = 27DD5E46217514C800F56FFE /* Hermes_Accelerometer_Study.xcdatamodel */;
			path = Hermes_Accelerometer_Study.xcdatamodeld;
			sourceTree = "<group>";
			versionGroupType = wrapper.xcdatamodel;
		};
/* End XCVersionGroup section */
	};
	rootObject = 27DD5E33217514C800F56FFE /* Project object */;
}
